// !$*UTF8*$!
{
	archiveVersion = 1;
	classes = {
	};
	objectVersion = 46;
	objects = {

/* Begin PBXBuildFile section */
		91087CDC1ABD0EC60097BB32 /* main.m in Sources */ = {isa = PBXBuildFile; fileRef = 91087CDB1ABD0EC60097BB32 /* main.m */; };
		91087CDF1ABD0EC60097BB32 /* AppDelegate.m in Sources */ = {isa = PBXBuildFile; fileRef = 91087CDE1ABD0EC60097BB32 /* AppDelegate.m */; };
		91087CE21ABD0EC70097BB32 /* ViewController.m in Sources */ = {isa = PBXBuildFile; fileRef = 91087CE11ABD0EC70097BB32 /* ViewController.m */; };
		91087CE51ABD0EC70097BB32 /* Main.storyboard in Resources */ = {isa = PBXBuildFile; fileRef = 91087CE31ABD0EC70097BB32 /* Main.storyboard */; };
		91087CE71ABD0EC70097BB32 /* Images.xcassets in Resources */ = {isa = PBXBuildFile; fileRef = 91087CE61ABD0EC70097BB32 /* Images.xcassets */; };
		91087CEA1ABD0EC70097BB32 /* LaunchScreen.xib in Resources */ = {isa = PBXBuildFile; fileRef = 91087CE81ABD0EC70097BB32 /* LaunchScreen.xib */; };
		91087CF61ABD0EC70097BB32 /* HillClimbingTests.m in Sources */ = {isa = PBXBuildFile; fileRef = 91087CF51ABD0EC70097BB32 /* HillClimbingTests.m */; };
/* End PBXBuildFile section */

/* Begin PBXContainerItemProxy section */
		91087CF01ABD0EC70097BB32 /* PBXContainerItemProxy */ = {
			isa = PBXContainerItemProxy;
			containerPortal = 91087CCE1ABD0EC60097BB32 /* Project object */;
			proxyType = 1;
			remoteGlobalIDString = 91087CD51ABD0EC60097BB32;
			remoteInfo = HillClimbing;
		};
/* End PBXContainerItemProxy section */

/* Begin PBXFileReference section */
		91087CD61ABD0EC60097BB32 /* HillClimbing.app */ = {isa = PBXFileReference; explicitFileType = wrapper.application; includeInIndex = 0; path = HillClimbing.app; sourceTree = BUILT_PRODUCTS_DIR; };
		91087CDA1ABD0EC60097BB32 /* Info.plist */ = {isa = PBXFileReference; lastKnownFileType = text.plist.xml; path = Info.plist; sourceTree = "<group>"; };
		91087CDB1ABD0EC60097BB32 /* main.m */ = {isa = PBXFileReference; lastKnownFileType = sourcecode.c.objc; path = main.m; sourceTree = "<group>"; };
		91087CDD1ABD0EC60097BB32 /* AppDelegate.h */ = {isa = PBXFileReference; lastKnownFileType = sourcecode.c.h; path = AppDelegate.h; sourceTree = "<group>"; };
		91087CDE1ABD0EC60097BB32 /* AppDelegate.m */ = {isa = PBXFileReference; lastKnownFileType = sourcecode.c.objc; path = AppDelegate.m; sourceTree = "<group>"; };
		91087CE01ABD0EC60097BB32 /* ViewController.h */ = {isa = PBXFileReference; lastKnownFileType = sourcecode.c.h; path = ViewController.h; sourceTree = "<group>"; };
		91087CE11ABD0EC70097BB32 /* ViewController.m */ = {isa = PBXFileReference; lastKnownFileType = sourcecode.c.objc; path = ViewController.m; sourceTree = "<group>"; };
		91087CE41ABD0EC70097BB32 /* Base */ = {isa = PBXFileReference; lastKnownFileType = file.storyboard; name = Base; path = Base.lproj/Main.storyboard; sourceTree = "<group>"; };
		91087CE61ABD0EC70097BB32 /* Images.xcassets */ = {isa = PBXFileReference; lastKnownFileType = folder.assetcatalog; path = Images.xcassets; sourceTree = "<group>"; };
		91087CE91ABD0EC70097BB32 /* Base */ = {isa = PBXFileReference; lastKnownFileType = file.xib; name = Base; path = Base.lproj/LaunchScreen.xib; sourceTree = "<group>"; };
		91087CEF1ABD0EC70097BB32 /* HillClimbingTests.xctest */ = {isa = PBXFileReference; explicitFileType = wrapper.cfbundle; includeInIndex = 0; path = HillClimbingTests.xctest; sourceTree = BUILT_PRODUCTS_DIR; };
		91087CF41ABD0EC70097BB32 /* Info.plist */ = {isa = PBXFileReference; lastKnownFileType = text.plist.xml; path = Info.plist; sourceTree = "<group>"; };
		91087CF51ABD0EC70097BB32 /* HillClimbingTests.m */ = {isa = PBXFileReference; lastKnownFileType = sourcecode.c.objc; path = HillClimbingTests.m; sourceTree = "<group>"; };
/* End PBXFileReference section */

/* Begin PBXFrameworksBuildPhase section */
		91087CD31ABD0EC60097BB32 /* Frameworks */ = {
			isa = PBXFrameworksBuildPhase;
			buildActionMask = 2147483647;
			files = (
			);
			runOnlyForDeploymentPostprocessing = 0;
		};
		91087CEC1ABD0EC70097BB32 /* Frameworks */ = {
			isa = PBXFrameworksBuildPhase;
			buildActionMask = 2147483647;
			files = (
			);
			runOnlyForDeploymentPostprocessing = 0;
		};
/* End PBXFrameworksBuildPhase section */

/* Begin PBXGroup section */
		91087CCD1ABD0EC60097BB32 = {
			isa = PBXGroup;
			children = (
				91087CD81ABD0EC60097BB32 /* HillClimbing */,
				91087CF21ABD0EC70097BB32 /* HillClimbingTests */,
				91087CD71ABD0EC60097BB32 /* Products */,
			);
			sourceTree = "<group>";
		};
		91087CD71ABD0EC60097BB32 /* Products */ = {
			isa = PBXGroup;
			children = (
				91087CD61ABD0EC60097BB32 /* HillClimbing.app */,
				91087CEF1ABD0EC70097BB32 /* HillClimbingTests.xctest */,
			);
			name = Products;
			sourceTree = "<group>";
		};
		91087CD81ABD0EC60097BB32 /* HillClimbing */ = {
			isa = PBXGroup;
			children = (
				91087CDD1ABD0EC60097BB32 /* AppDelegate.h */,
				91087CDE1ABD0EC60097BB32 /* AppDelegate.m */,
				91087CE01ABD0EC60097BB32 /* ViewController.h */,
				91087CE11ABD0EC70097BB32 /* ViewController.m */,
				91087CE31ABD0EC70097BB32 /* Main.storyboard */,
				91087CE61ABD0EC70097BB32 /* Images.xcassets */,
				91087CE81ABD0EC70097BB32 /* LaunchScreen.xib */,
				91087CD91ABD0EC60097BB32 /* Supporting Files */,
			);
			path = HillClimbing;
			sourceTree = "<group>";
		};
		91087CD91ABD0EC60097BB32 /* Supporting Files */ = {
			isa = PBXGroup;
			children = (
				91087CDA1ABD0EC60097BB32 /* Info.plist */,
				91087CDB1ABD0EC60097BB32 /* main.m */,
			);
			name = "Supporting Files";
			sourceTree = "<group>";
		};
		91087CF21ABD0EC70097BB32 /* HillClimbingTests */ = {
			isa = PBXGroup;
			children = (
				91087CF51ABD0EC70097BB32 /* HillClimbingTests.m */,
				91087CF31ABD0EC70097BB32 /* Supporting Files */,
			);
			path = HillClimbingTests;
			sourceTree = "<group>";
		};
		91087CF31ABD0EC70097BB32 /* Supporting Files */ = {
			isa = PBXGroup;
			children = (
				91087CF41ABD0EC70097BB32 /* Info.plist */,
			);
			name = "Supporting Files";
			sourceTree = "<group>";
		};
/* End PBXGroup section */

/* Begin PBXNativeTarget section */
		91087CD51ABD0EC60097BB32 /* HillClimbing */ = {
			isa = PBXNativeTarget;
			buildConfigurationList = 91087CF91ABD0EC70097BB32 /* Build configuration list for PBXNativeTarget "HillClimbing" */;
			buildPhases = (
				91087CD21ABD0EC60097BB32 /* Sources */,
				91087CD31ABD0EC60097BB32 /* Frameworks */,
				91087CD41ABD0EC60097BB32 /* Resources */,
			);
			buildRules = (
			);
			dependencies = (
			);
			name = HillClimbing;
			productName = HillClimbing;
			productReference = 91087CD61ABD0EC60097BB32 /* HillClimbing.app */;
			productType = "com.apple.product-type.application";
		};
		91087CEE1ABD0EC70097BB32 /* HillClimbingTests */ = {
			isa = PBXNativeTarget;
			buildConfigurationList = 91087CFC1ABD0EC70097BB32 /* Build configuration list for PBXNativeTarget "HillClimbingTests" */;
			buildPhases = (
				91087CEB1ABD0EC70097BB32 /* Sources */,
				91087CEC1ABD0EC70097BB32 /* Frameworks */,
				91087CED1ABD0EC70097BB32 /* Resources */,
			);
			buildRules = (
			);
			dependencies = (
				91087CF11ABD0EC70097BB32 /* PBXTargetDependency */,
			);
			name = HillClimbingTests;
			productName = HillClimbingTests;
			productReference = 91087CEF1ABD0EC70097BB32 /* HillClimbingTests.xctest */;
			productType = "com.apple.product-type.bundle.unit-test";
		};
/* End PBXNativeTarget section */

/* Begin PBXProject section */
		91087CCE1ABD0EC60097BB32 /* Project object */ = {
			isa = PBXProject;
			attributes = {
				LastUpgradeCheck = 0620;
				ORGANIZATIONNAME = "Claudio Santos";
				TargetAttributes = {
					91087CD51ABD0EC60097BB32 = {
						CreatedOnToolsVersion = 6.2;
					};
					91087CEE1ABD0EC70097BB32 = {
						CreatedOnToolsVersion = 6.2;
						TestTargetID = 91087CD51ABD0EC60097BB32;
					};
				};
			};
			buildConfigurationList = 91087CD11ABD0EC60097BB32 /* Build configuration list for PBXProject "HillClimbing" */;
			compatibilityVersion = "Xcode 3.2";
			developmentRegion = English;
			hasScannedForEncodings = 0;
			knownRegions = (
				en,
				Base,
			);
			mainGroup = 91087CCD1ABD0EC60097BB32;
			productRefGroup = 91087CD71ABD0EC60097BB32 /* Products */;
			projectDirPath = "";
			projectRoot = "";
			targets = (
				91087CD51ABD0EC60097BB32 /* HillClimbing */,
				91087CEE1ABD0EC70097BB32 /* HillClimbingTests */,
			);
		};
/* End PBXProject section */

/* Begin PBXResourcesBuildPhase section */
		91087CD41ABD0EC60097BB32 /* Resources */ = {
			isa = PBXResourcesBuildPhase;
			buildActionMask = 2147483647;
			files = (
				91087CE51ABD0EC70097BB32 /* Main.storyboard in Resources */,
				91087CEA1ABD0EC70097BB32 /* LaunchScreen.xib in Resources */,
				91087CE71ABD0EC70097BB32 /* Images.xcassets in Resources */,
			);
			runOnlyForDeploymentPostprocessing = 0;
		};
		91087CED1ABD0EC70097BB32 /* Resources */ = {
			isa = PBXResourcesBuildPhase;
			buildActionMask = 2147483647;
			files = (
			);
			runOnlyForDeploymentPostprocessing = 0;
		};
/* End PBXResourcesBuildPhase section */

/* Begin PBXSourcesBuildPhase section */
		91087CD21ABD0EC60097BB32 /* Sources */ = {
			isa = PBXSourcesBuildPhase;
			buildActionMask = 2147483647;
			files = (
				91087CE21ABD0EC70097BB32 /* ViewController.m in Sources */,
				91087CDF1ABD0EC60097BB32 /* AppDelegate.m in Sources */,
				91087CDC1ABD0EC60097BB32 /* main.m in Sources */,
			);
			runOnlyForDeploymentPostprocessing = 0;
		};
		91087CEB1ABD0EC70097BB32 /* Sources */ = {
			isa = PBXSourcesBuildPhase;
			buildActionMask = 2147483647;
			files = (
				91087CF61ABD0EC70097BB32 /* HillClimbingTests.m in Sources */,
			);
			runOnlyForDeploymentPostprocessing = 0;
		};
/* End PBXSourcesBuildPhase section */

/* Begin PBXTargetDependency section */
		91087CF11ABD0EC70097BB32 /* PBXTargetDependency */ = {
			isa = PBXTargetDependency;
			target = 91087CD51ABD0EC60097BB32 /* HillClimbing */;
			targetProxy = 91087CF01ABD0EC70097BB32 /* PBXContainerItemProxy */;
		};
/* End PBXTargetDependency section */

/* Begin PBXVariantGroup section */
		91087CE31ABD0EC70097BB32 /* Main.storyboard */ = {
			isa = PBXVariantGroup;
			children = (
				91087CE41ABD0EC70097BB32 /* Base */,
			);
			name = Main.storyboard;
			sourceTree = "<group>";
		};
		91087CE81ABD0EC70097BB32 /* LaunchScreen.xib */ = {
			isa = PBXVariantGroup;
			children = (
				91087CE91ABD0EC70097BB32 /* Base */,
			);
			name = LaunchScreen.xib;
			sourceTree = "<group>";
		};
/* End PBXVariantGroup section */

/* Begin XCBuildConfiguration section */
		91087CF71ABD0EC70097BB32 /* Debug */ = {
			isa = XCBuildConfiguration;
			buildSettings = {
				ALWAYS_SEARCH_USER_PATHS = NO;
				CLANG_CXX_LANGUAGE_STANDARD = "gnu++0x";
				CLANG_CXX_LIBRARY = "libc++";
				CLANG_ENABLE_MODULES = YES;
				CLANG_ENABLE_OBJC_ARC = YES;
				CLANG_WARN_BOOL_CONVERSION = YES;
				CLANG_WARN_CONSTANT_CONVERSION = YES;
				CLANG_WARN_DIRECT_OBJC_ISA_USAGE = YES_ERROR;
				CLANG_WARN_EMPTY_BODY = YES;
				CLANG_WARN_ENUM_CONVERSION = YES;
				CLANG_WARN_INT_CONVERSION = YES;
				CLANG_WARN_OBJC_ROOT_CLASS = YES_ERROR;
				CLANG_WARN_UNREACHABLE_CODE = YES;
				CLANG_WARN__DUPLICATE_METHOD_MATCH = YES;
				"CODE_SIGN_IDENTITY[sdk=iphoneos*]" = "iPhone Developer";
				COPY_PHASE_STRIP = NO;
				ENABLE_STRICT_OBJC_MSGSEND = YES;
				GCC_C_LANGUAGE_STANDARD = gnu99;
				GCC_DYNAMIC_NO_PIC = NO;
				GCC_OPTIMIZATION_LEVEL = 0;
				GCC_PREPROCESSOR_DEFINITIONS = (
					"DEBUG=1",
					"$(inherited)",
				);
				GCC_SYMBOLS_PRIVATE_EXTERN = NO;
				GCC_WARN_64_TO_32_BIT_CONVERSION = YES;
				GCC_WARN_ABOUT_RETURN_TYPE = YES_ERROR;
				GCC_WARN_UNDECLARED_SELECTOR = YES;
				GCC_WARN_UNINITIALIZED_AUTOS = YES_AGGRESSIVE;
				GCC_WARN_UNUSED_FUNCTION = YES;
				GCC_WARN_UNUSED_VARIABLE = YES;
				IPHONEOS_DEPLOYMENT_TARGET = 8.2;
				MTL_ENABLE_DEBUG_INFO = YES;
				ONLY_ACTIVE_ARCH = YES;
				SDKROOT = iphoneos;
			};
			name = Debug;
		};
		91087CF81ABD0EC70097BB32 /* Release */ = {
			isa = XCBuildConfiguration;
			buildSettings = {
				ALWAYS_SEARCH_USER_PATHS = NO;
				CLANG_CXX_LANGUAGE_STANDARD = "gnu++0x";
				CLANG_CXX_LIBRARY = "libc++";
				CLANG_ENABLE_MODULES = YES;
				CLANG_ENABLE_OBJC_ARC = YES;
				CLANG_WARN_BOOL_CONVERSION = YES;
				CLANG_WARN_CONSTANT_CONVERSION = YES;
				CLANG_WARN_DIRECT_OBJC_ISA_USAGE = YES_ERROR;
				CLANG_WARN_EMPTY_BODY = YES;
				CLANG_WARN_ENUM_CONVERSION = YES;
				CLANG_WARN_INT_CONVERSION = YES;
				CLANG_WARN_OBJC_ROOT_CLASS = YES_ERROR;
				CLANG_WARN_UNREACHABLE_CODE = YES;
				CLANG_WARN__DUPLICATE_METHOD_MATCH = YES;
				"CODE_SIGN_IDENTITY[sdk=iphoneos*]" = "iPhone Developer";
				COPY_PHASE_STRIP = NO;
				ENABLE_NS_ASSERTIONS = NO;
				ENABLE_STRICT_OBJC_MSGSEND = YES;
				GCC_C_LANGUAGE_STANDARD = gnu99;
				GCC_WARN_64_TO_32_BIT_CONVERSION = YES;
				GCC_WARN_ABOUT_RETURN_TYPE = YES_ERROR;
				GCC_WARN_UNDECLARED_SELECTOR = YES;
				GCC_WARN_UNINITIALIZED_AUTOS = YES_AGGRESSIVE;
				GCC_WARN_UNUSED_FUNCTION = YES;
				GCC_WARN_UNUSED_VARIABLE = YES;
				IPHONEOS_DEPLOYMENT_TARGET = 8.2;
				MTL_ENABLE_DEBUG_INFO = NO;
				SDKROOT = iphoneos;
				VALIDATE_PRODUCT = YES;
			};
			name = Release;
		};
		91087CFA1ABD0EC70097BB32 /* Debug */ = {
			isa = XCBuildConfiguration;
			buildSettings = {
				ASSETCATALOG_COMPILER_APPICON_NAME = AppIcon;
				INFOPLIST_FILE = HillClimbing/Info.plist;
				LD_RUNPATH_SEARCH_PATHS = "$(inherited) @executable_path/Frameworks";
				PRODUCT_NAME = "$(TARGET_NAME)";
			};
			name = Debug;
		};
		91087CFB1ABD0EC70097BB32 /* Release */ = {
			isa = XCBuildConfiguration;
			buildSettings = {
				ASSETCATALOG_COMPILER_APPICON_NAME = AppIcon;
				INFOPLIST_FILE = HillClimbing/Info.plist;
				LD_RUNPATH_SEARCH_PATHS = "$(inherited) @executable_path/Frameworks";
				PRODUCT_NAME = "$(TARGET_NAME)";
			};
			name = Release;
		};
		91087CFD1ABD0EC70097BB32 /* Debug */ = {
			isa = XCBuildConfiguration;
			buildSettings = {
				BUNDLE_LOADER = "$(TEST_HOST)";
				FRAMEWORK_SEARCH_PATHS = (
					"$(SDKROOT)/Developer/Library/Frameworks",
					"$(inherited)",
				);
				GCC_PREPROCESSOR_DEFINITIONS = (
					"DEBUG=1",
					"$(inherited)",
				);
				INFOPLIST_FILE = HillClimbingTests/Info.plist;
				LD_RUNPATH_SEARCH_PATHS = "$(inherited) @executable_path/Frameworks @loader_path/Frameworks";
				PRODUCT_NAME = "$(TARGET_NAME)";
				TEST_HOST = "$(BUILT_PRODUCTS_DIR)/HillClimbing.app/HillClimbing";
			};
			name = Debug;
		};
		91087CFE1ABD0EC70097BB32 /* Release */ = {
			isa = XCBuildConfiguration;
			buildSettings = {
				BUNDLE_LOADER = "$(TEST_HOST)";
				FRAMEWORK_SEARCH_PATHS = (
					"$(SDKROOT)/Developer/Library/Frameworks",
					"$(inherited)",
				);
				INFOPLIST_FILE = HillClimbingTests/Info.plist;
				LD_RUNPATH_SEARCH_PATHS = "$(inherited) @executable_path/Frameworks @loader_path/Frameworks";
				PRODUCT_NAME = "$(TARGET_NAME)";
				TEST_HOST = "$(BUILT_PRODUCTS_DIR)/HillClimbing.app/HillClimbing";
			};
			name = Release;
		};
/* End XCBuildConfiguration section */

/* Begin XCConfigurationList section */
		91087CD11ABD0EC60097BB32 /* Build configuration list for PBXProject "HillClimbing" */ = {
			isa = XCConfigurationList;
			buildConfigurations = (
				91087CF71ABD0EC70097BB32 /* Debug */,
				91087CF81ABD0EC70097BB32 /* Release */,
			);
			defaultConfigurationIsVisible = 0;
			defaultConfigurationName = Release;
		};
		91087CF91ABD0EC70097BB32 /* Build configuration list for PBXNativeTarget "HillClimbing" */ = {
			isa = XCConfigurationList;
			buildConfigurations = (
				91087CFA1ABD0EC70097BB32 /* Debug */,
				91087CFB1ABD0EC70097BB32 /* Release */,
			);
			defaultConfigurationIsVisible = 0;
		};
		91087CFC1ABD0EC70097BB32 /* Build configuration list for PBXNativeTarget "HillClimbingTests" */ = {
			isa = XCConfigurationList;
			buildConfigurations = (
				91087CFD1ABD0EC70097BB32 /* Debug */,
				91087CFE1ABD0EC70097BB32 /* Release */,
			);
			defaultConfigurationIsVisible = 0;
		};
/* End XCConfigurationList section */
	};
	rootObject = 91087CCE1ABD0EC60097BB32 /* Project object */;
}
